PODS:
  - FBSnapshotTestCase (2.1.4):
    - FBSnapshotTestCase/SwiftSupport (= 2.1.4)
  - FBSnapshotTestCase/Core (2.1.4)
  - FBSnapshotTestCase/SwiftSupport (2.1.4):
    - FBSnapshotTestCase/Core
  - HZNetworking (0.1.0)

DEPENDENCIES:
  - FBSnapshotTestCase
  - HZNetworking (from `../`)

SPEC REPOS:
  trunk:
    - FBSnapshotTestCase

EXTERNAL SOURCES:
  HZNetworking:
    :path: "../"

SPEC CHECKSUMS:
  FBSnapshotTestCase: 094f9f314decbabe373b87cc339bea235a63e07a
  HZNetworking: 46f99bbe3c238ea9b944da187d857b03a7761e4f

PODFILE CHECKSUM: 9ddfae8ed31349ff67bfab866498896fc4615feb

COCOAPODS: 1.9.3
